
Microsoft Visual Studio Solution File, Format Version 12.00
# Visual Studio Version 16
VisualStudioVersion = 16.0.31624.102
MinimumVisualStudioVersion = 10.0.40219.1
Project("{FAE04EC0-301F-11D3-BF4B-00C04F79EFBC}") = "AuthorService", "AuthorService\AuthorService.csproj", "{35610989-295F-490C-9B3B-BD60EFC4324F}"
EndProject
Global
	GlobalSection(SolutionConfigurationPlatforms) = preSolution
		Debug|Any CPU = Debug|Any CPU
		Release|Any CPU = Release|Any CPU
	EndGlobalSection
	GlobalSection(ProjectConfigurationPlatforms) = postSolution
		{35610989-295F-490C-9B3B-BD60EFC4324F}.Debug|Any CPU.ActiveCfg = Debug|Any CPU
		{35610989-295F-490C-9B3B-BD60EFC4324F}.Debug|Any CPU.Build.0 = Debug|Any CPU
		{35610989-295F-490C-9B3B-BD60EFC4324F}.Release|Any CPU.ActiveCfg = Release|Any CPU
		{35610989-295F-490C-9B3B-BD60EFC4324F}.Release|Any CPU.Build.0 = Release|Any CPU
	EndGlobalSection
	GlobalSection(SolutionProperties) = preSolution
		HideSolutionNode = FALSE
	EndGlobalSection
	GlobalSection(ExtensibilityGlobals) = postSolution
		SolutionGuid = {CE3F7F3E-E8ED-4B8A-B50F-8119A24F72BF}
	EndGlobalSection
EndGlobal
